{
  "name": "markmoretto.github.io",
  "version": "1.0.0",
  "lockfileVersion": 1,
  "requires": true,
  "dependencies": {
    "lit-html": {
      "version": "1.2.1",
      "resolved": "https://registry.npmjs.org/lit-html/-/lit-html-1.2.1.tgz",
      "integrity": "sha512-GSJHHXMGLZDzTRq59IUfL9FCdAlGfqNp/dEa7k7aBaaWD+JKaCjsAk9KYm2V12ItonVaYx2dprN66Zdm1AuBTQ=="
    },
    "vis-network": {
      "version": "7.6.4",
      "resolved": "https://registry.npmjs.org/vis-network/-/vis-network-7.6.4.tgz",
      "integrity": "sha512-ywaigcV75m3SbZLeKeR1ZYfLeL88EraIdH0G6O6drr62TsosJ6p1HGWmgGy0YfGJ4DaEf/hnJ5JaQNzBpIRGbQ=="
    }
  }
}
