{
  "name": "markmoretto.github.io",
  "version": "1.0.0",
  "lockfileVersion": 1,
  "requires": true,
  "dependencies": {
    "@fullcalendar/core": {
      "version": "4.4.2",
      "resolved": "https://registry.npmjs.org/@fullcalendar/core/-/core-4.4.2.tgz",
      "integrity": "sha512-vq7KQGuAJ1ieFG5tUqwxwUwmXYtblFOTjHaLAVHo6iEPB52mS7DS45VJfkhaQmX4+5/+BHRpg82G1qkuAINwtg=="
    },
    "@fullcalendar/daygrid": {
      "version": "4.4.2",
      "resolved": "https://registry.npmjs.org/@fullcalendar/daygrid/-/daygrid-4.4.2.tgz",
      "integrity": "sha512-axjfMhxEXHShV3r2TZjf+2niJ1C6LdAxkHKmg7mVq4jXtUQHOldU5XsjV0v2lUAt1urJBFi2zajfK8798ukL3Q=="
    },
    "@fullcalendar/interaction": {
      "version": "4.4.2",
      "resolved": "https://registry.npmjs.org/@fullcalendar/interaction/-/interaction-4.4.2.tgz",
      "integrity": "sha512-3ItpGFnxcYQT4NClqhq93QTQwOI8x3mlMf5M4DgK5avVaSzpv9g8p+opqeotK2yzpFeINps06cuQyB1h7vcv1Q=="
    },
    "@fullcalendar/list": {
      "version": "4.4.2",
      "resolved": "https://registry.npmjs.org/@fullcalendar/list/-/list-4.4.2.tgz",
      "integrity": "sha512-buhfd0w0PavH3EVZ6DR6kvjb+wPDe16XEpNcPkTpvIxnAziwGBvcUeHUBd9KvtEhOcvs9sAKoYKbU4xwHFK0Wg=="
    },
    "@fullcalendar/timegrid": {
      "version": "4.4.2",
      "resolved": "https://registry.npmjs.org/@fullcalendar/timegrid/-/timegrid-4.4.2.tgz",
      "integrity": "sha512-M5an7qii8OUmI4ogY47k5pn2j/qUbLp6sa6Vo0gO182HR5pb9YtrEZnoQhnScok+I0BkDkLFzMQoiAMTjBm2PQ==",
      "requires": {
        "@fullcalendar/daygrid": "~4.4.0"
      }
    },
    "vis-network": {
      "version": "7.6.4",
      "resolved": "https://registry.npmjs.org/vis-network/-/vis-network-7.6.4.tgz",
      "integrity": "sha512-ywaigcV75m3SbZLeKeR1ZYfLeL88EraIdH0G6O6drr62TsosJ6p1HGWmgGy0YfGJ4DaEf/hnJ5JaQNzBpIRGbQ=="
    }
  }
}
